
Microsoft Visual Studio Solution File, Format Version 11.00
# Visual Studio 2010
Project("{FAE04EC0-301F-11D3-BF4B-00C04F79EFBC}") = "VRMovementForGoogleCardboard", "Assembly-CSharp.csproj", "{6D25CA02-A8C7-34FD-E21A-EC448EC4E32D}"
EndProject
Project("{FAE04EC0-301F-11D3-BF4B-00C04F79EFBC}") = "VRMovementForGoogleCardboard", "Assembly-CSharp-Editor.csproj", "{D2E93E80-EED8-DFB3-6851-E6DD9D338D3A}"
EndProject
Global
	GlobalSection(SolutionConfigurationPlatforms) = preSolution
		Debug|Any CPU = Debug|Any CPU
		Release|Any CPU = Release|Any CPU
	EndGlobalSection
	GlobalSection(ProjectConfigurationPlatforms) = postSolution
		{6D25CA02-A8C7-34FD-E21A-EC448EC4E32D}.Debug|Any CPU.ActiveCfg = Debug|Any CPU
		{6D25CA02-A8C7-34FD-E21A-EC448EC4E32D}.Debug|Any CPU.Build.0 = Debug|Any CPU
		{6D25CA02-A8C7-34FD-E21A-EC448EC4E32D}.Release|Any CPU.ActiveCfg = Release|Any CPU
		{6D25CA02-A8C7-34FD-E21A-EC448EC4E32D}.Release|Any CPU.Build.0 = Release|Any CPU
		{D2E93E80-EED8-DFB3-6851-E6DD9D338D3A}.Debug|Any CPU.ActiveCfg = Debug|Any CPU
		{D2E93E80-EED8-DFB3-6851-E6DD9D338D3A}.Debug|Any CPU.Build.0 = Debug|Any CPU
		{D2E93E80-EED8-DFB3-6851-E6DD9D338D3A}.Release|Any CPU.ActiveCfg = Release|Any CPU
		{D2E93E80-EED8-DFB3-6851-E6DD9D338D3A}.Release|Any CPU.Build.0 = Release|Any CPU
	EndGlobalSection
	GlobalSection(SolutionProperties) = preSolution
		HideSolutionNode = FALSE
	EndGlobalSection
	GlobalSection(MonoDevelopProperties) = preSolution
		StartupItem = Assembly-CSharp.csproj
	EndGlobalSection
EndGlobal
